{
  "requires": true,
  "lockfileVersion": 1,
  "dependencies": {
    "bleach": {
      "version": "0.3.0",
      "resolved": "https://registry.npmjs.org/bleach/-/bleach-0.3.0.tgz",
      "integrity": "sha512-umFRejCk6J4u3Q1LdhgFPKBkmhMGiU9kyTxmiCWZpcd2g7WRIM+HPaAHrEOOmO+U+0T3nHO2v9G0FsbmUNZxwg==",
      "requires": {
        "he": "0.4.x"
      }
    },
    "he": {
      "version": "0.4.1",
      "resolved": "https://registry.npmjs.org/he/-/he-0.4.1.tgz",
      "integrity": "sha512-wFn1JlcsgbcWEawQ6A1GztgNRRl6UyEtaARIDpAeH3c35T/9id/QQKvap1NAz6Yk2oKrKwXQZZFERS0tl9E0Jg=="
    }
  }
}
